// !$*UTF8*$!
{
	archiveVersion = 1;
	classes = {
	};
	objectVersion = 46;
	objects = {

/* Begin PBXBuildFile section */
		17F05F87174DAD09005A9A4B /* UIKit.framework in Frameworks */ = {isa = PBXBuildFile; fileRef = 17F05F86174DAD09005A9A4B /* UIKit.framework */; };
		17F05F89174DAD09005A9A4B /* Foundation.framework in Frameworks */ = {isa = PBXBuildFile; fileRef = 17F05F88174DAD09005A9A4B /* Foundation.framework */; };
		17F05F8B174DAD09005A9A4B /* CoreGraphics.framework in Frameworks */ = {isa = PBXBuildFile; fileRef = 17F05F8A174DAD09005A9A4B /* CoreGraphics.framework */; };
		17F05F91174DAD09005A9A4B /* InfoPlist.strings in Resources */ = {isa = PBXBuildFile; fileRef = 17F05F8F174DAD09005A9A4B /* InfoPlist.strings */; };
		17F05F93174DAD09005A9A4B /* main.m in Sources */ = {isa = PBXBuildFile; fileRef = 17F05F92174DAD09005A9A4B /* main.m */; };
		17F05F97174DAD09005A9A4B /* AppDelegate.m in Sources */ = {isa = PBXBuildFile; fileRef = 17F05F96174DAD09005A9A4B /* AppDelegate.m */; };
		17F05F99174DAD09005A9A4B /* Default.png in Resources */ = {isa = PBXBuildFile; fileRef = 17F05F98174DAD09005A9A4B /* Default.png */; };
		17F05F9B174DAD09005A9A4B /* Default@2x.png in Resources */ = {isa = PBXBuildFile; fileRef = 17F05F9A174DAD09005A9A4B /* Default@2x.png */; };
		17F05F9D174DAD09005A9A4B /* Default-568h@2x.png in Resources */ = {isa = PBXBuildFile; fileRef = 17F05F9C174DAD09005A9A4B /* Default-568h@2x.png */; };
/* End PBXBuildFile section */

/* Begin PBXFileReference section */
		17F05F83174DAD09005A9A4B /* BeeOthello.app */ = {isa = PBXFileReference; explicitFileType = wrapper.application; includeInIndex = 0; path = BeeOthello.app; sourceTree = BUILT_PRODUCTS_DIR; };
		17F05F86174DAD09005A9A4B /* UIKit.framework */ = {isa = PBXFileReference; lastKnownFileType = wrapper.framework; name = UIKit.framework; path = System/Library/Frameworks/UIKit.framework; sourceTree = SDKROOT; };
		17F05F88174DAD09005A9A4B /* Foundation.framework */ = {isa = PBXFileReference; lastKnownFileType = wrapper.framework; name = Foundation.framework; path = System/Library/Frameworks/Foundation.framework; sourceTree = SDKROOT; };
		17F05F8A174DAD09005A9A4B /* CoreGraphics.framework */ = {isa = PBXFileReference; lastKnownFileType = wrapper.framework; name = CoreGraphics.framework; path = System/Library/Frameworks/CoreGraphics.framework; sourceTree = SDKROOT; };
		17F05F8E174DAD09005A9A4B /* BeeOthello-Info.plist */ = {isa = PBXFileReference; lastKnownFileType = text.plist.xml; path = "BeeOthello-Info.plist"; sourceTree = "<group>"; };
		17F05F90174DAD09005A9A4B /* en */ = {isa = PBXFileReference; lastKnownFileType = text.plist.strings; name = en; path = en.lproj/InfoPlist.strings; sourceTree = "<group>"; };
		17F05F92174DAD09005A9A4B /* main.m */ = {isa = PBXFileReference; lastKnownFileType = sourcecode.c.objc; path = main.m; sourceTree = "<group>"; };
		17F05F94174DAD09005A9A4B /* BeeOthello-Prefix.pch */ = {isa = PBXFileReference; lastKnownFileType = sourcecode.c.h; path = "BeeOthello-Prefix.pch"; sourceTree = "<group>"; };
		17F05F95174DAD09005A9A4B /* AppDelegate.h */ = {isa = PBXFileReference; lastKnownFileType = sourcecode.c.h; path = AppDelegate.h; sourceTree = "<group>"; };
		17F05F96174DAD09005A9A4B /* AppDelegate.m */ = {isa = PBXFileReference; lastKnownFileType = sourcecode.c.objc; path = AppDelegate.m; sourceTree = "<group>"; };
		17F05F98174DAD09005A9A4B /* Default.png */ = {isa = PBXFileReference; lastKnownFileType = image.png; path = Default.png; sourceTree = "<group>"; };
		17F05F9A174DAD09005A9A4B /* Default@2x.png */ = {isa = PBXFileReference; lastKnownFileType = image.png; path = "Default@2x.png"; sourceTree = "<group>"; };
		17F05F9C174DAD09005A9A4B /* Default-568h@2x.png */ = {isa = PBXFileReference; lastKnownFileType = image.png; path = "Default-568h@2x.png"; sourceTree = "<group>"; };
/* End PBXFileReference section */

/* Begin PBXFrameworksBuildPhase section */
		17F05F80174DAD09005A9A4B /* Frameworks */ = {
			isa = PBXFrameworksBuildPhase;
			buildActionMask = 2147483647;
			files = (
				17F05F87174DAD09005A9A4B /* UIKit.framework in Frameworks */,
				17F05F89174DAD09005A9A4B /* Foundation.framework in Frameworks */,
				17F05F8B174DAD09005A9A4B /* CoreGraphics.framework in Frameworks */,
			);
			runOnlyForDeploymentPostprocessing = 0;
		};
/* End PBXFrameworksBuildPhase section */

/* Begin PBXGroup section */
		17F05F7A174DAD09005A9A4B = {
			isa = PBXGroup;
			children = (
				17F05F8C174DAD09005A9A4B /* BeeOthello */,
				17F05F85174DAD09005A9A4B /* Frameworks */,
				17F05F84174DAD09005A9A4B /* Products */,
			);
			sourceTree = "<group>";
		};
		17F05F84174DAD09005A9A4B /* Products */ = {
			isa = PBXGroup;
			children = (
				17F05F83174DAD09005A9A4B /* BeeOthello.app */,
			);
			name = Products;
			sourceTree = "<group>";
		};
		17F05F85174DAD09005A9A4B /* Frameworks */ = {
			isa = PBXGroup;
			children = (
				17F05F86174DAD09005A9A4B /* UIKit.framework */,
				17F05F88174DAD09005A9A4B /* Foundation.framework */,
				17F05F8A174DAD09005A9A4B /* CoreGraphics.framework */,
			);
			name = Frameworks;
			sourceTree = "<group>";
		};
		17F05F8C174DAD09005A9A4B /* BeeOthello */ = {
			isa = PBXGroup;
			children = (
				17F05F95174DAD09005A9A4B /* AppDelegate.h */,
				17F05F96174DAD09005A9A4B /* AppDelegate.m */,
				17F05F8D174DAD09005A9A4B /* Supporting Files */,
			);
			path = BeeOthello;
			sourceTree = "<group>";
		};
		17F05F8D174DAD09005A9A4B /* Supporting Files */ = {
			isa = PBXGroup;
			children = (
				17F05F8E174DAD09005A9A4B /* BeeOthello-Info.plist */,
				17F05F8F174DAD09005A9A4B /* InfoPlist.strings */,
				17F05F92174DAD09005A9A4B /* main.m */,
				17F05F94174DAD09005A9A4B /* BeeOthello-Prefix.pch */,
				17F05F98174DAD09005A9A4B /* Default.png */,
				17F05F9A174DAD09005A9A4B /* Default@2x.png */,
				17F05F9C174DAD09005A9A4B /* Default-568h@2x.png */,
			);
			name = "Supporting Files";
			sourceTree = "<group>";
		};
/* End PBXGroup section */

/* Begin PBXNativeTarget section */
		17F05F82174DAD09005A9A4B /* BeeOthello */ = {
			isa = PBXNativeTarget;
			buildConfigurationList = 17F05FA0174DAD09005A9A4B /* Build configuration list for PBXNativeTarget "BeeOthello" */;
			buildPhases = (
				17F05F7F174DAD09005A9A4B /* Sources */,
				17F05F80174DAD09005A9A4B /* Frameworks */,
				17F05F81174DAD09005A9A4B /* Resources */,
			);
			buildRules = (
			);
			dependencies = (
			);
			name = BeeOthello;
			productName = BeeOthello;
			productReference = 17F05F83174DAD09005A9A4B /* BeeOthello.app */;
			productType = "com.apple.product-type.application";
		};
/* End PBXNativeTarget section */

/* Begin PBXProject section */
		17F05F7B174DAD09005A9A4B /* Project object */ = {
			isa = PBXProject;
			attributes = {
				LastUpgradeCheck = 0460;
				ORGANIZATIONNAME = "Halo Asia";
			};
			buildConfigurationList = 17F05F7E174DAD09005A9A4B /* Build configuration list for PBXProject "BeeOthello" */;
			compatibilityVersion = "Xcode 3.2";
			developmentRegion = English;
			hasScannedForEncodings = 0;
			knownRegions = (
				en,
			);
			mainGroup = 17F05F7A174DAD09005A9A4B;
			productRefGroup = 17F05F84174DAD09005A9A4B /* Products */;
			projectDirPath = "";
			projectRoot = "";
			targets = (
				17F05F82174DAD09005A9A4B /* BeeOthello */,
			);
		};
/* End PBXProject section */

/* Begin PBXResourcesBuildPhase section */
		17F05F81174DAD09005A9A4B /* Resources */ = {
			isa = PBXResourcesBuildPhase;
			buildActionMask = 2147483647;
			files = (
				17F05F91174DAD09005A9A4B /* InfoPlist.strings in Resources */,
				17F05F99174DAD09005A9A4B /* Default.png in Resources */,
				17F05F9B174DAD09005A9A4B /* Default@2x.png in Resources */,
				17F05F9D174DAD09005A9A4B /* Default-568h@2x.png in Resources */,
			);
			runOnlyForDeploymentPostprocessing = 0;
		};
/* End PBXResourcesBuildPhase section */

/* Begin PBXSourcesBuildPhase section */
		17F05F7F174DAD09005A9A4B /* Sources */ = {
			isa = PBXSourcesBuildPhase;
			buildActionMask = 2147483647;
			files = (
				17F05F93174DAD09005A9A4B /* main.m in Sources */,
				17F05F97174DAD09005A9A4B /* AppDelegate.m in Sources */,
			);
			runOnlyForDeploymentPostprocessing = 0;
		};
/* End PBXSourcesBuildPhase section */

/* Begin PBXVariantGroup section */
		17F05F8F174DAD09005A9A4B /* InfoPlist.strings */ = {
			isa = PBXVariantGroup;
			children = (
				17F05F90174DAD09005A9A4B /* en */,
			);
			name = InfoPlist.strings;
			sourceTree = "<group>";
		};
/* End PBXVariantGroup section */

/* Begin XCBuildConfiguration section */
		17F05F9E174DAD09005A9A4B /* Debug */ = {
			isa = XCBuildConfiguration;
			buildSettings = {
				ALWAYS_SEARCH_USER_PATHS = NO;
				CLANG_CXX_LANGUAGE_STANDARD = "gnu++0x";
				CLANG_CXX_LIBRARY = "libc++";
				CLANG_WARN_CONSTANT_CONVERSION = YES;
				CLANG_WARN_EMPTY_BODY = YES;
				CLANG_WARN_ENUM_CONVERSION = YES;
				CLANG_WARN_INT_CONVERSION = YES;
				CLANG_WARN__DUPLICATE_METHOD_MATCH = YES;
				CODE_SIGN_IDENTITY = "iPhone Distribution: Tra Nguyen Thanh (Z22295CJ22)";
				"CODE_SIGN_IDENTITY[sdk=iphoneos*]" = "iPhone Distribution: Tra Nguyen Thanh (Z22295CJ22)";
				COPY_PHASE_STRIP = NO;
				GCC_C_LANGUAGE_STANDARD = gnu99;
				GCC_DYNAMIC_NO_PIC = NO;
				GCC_OPTIMIZATION_LEVEL = 0;
				GCC_PREPROCESSOR_DEFINITIONS = (
					"DEBUG=1",
					"$(inherited)",
				);
				GCC_SYMBOLS_PRIVATE_EXTERN = NO;
				GCC_WARN_ABOUT_RETURN_TYPE = YES;
				GCC_WARN_UNINITIALIZED_AUTOS = YES;
				GCC_WARN_UNUSED_VARIABLE = YES;
				IPHONEOS_DEPLOYMENT_TARGET = 6.1;
				ONLY_ACTIVE_ARCH = YES;
				PROVISIONING_PROFILE = "248FE0B9-D372-44A3-9F1C-1839EE687300";
				"PROVISIONING_PROFILE[sdk=iphoneos*]" = "248FE0B9-D372-44A3-9F1C-1839EE687300";
				SDKROOT = iphoneos;
				TARGETED_DEVICE_FAMILY = "1,2";
			};
			name = Debug;
		};
		17F05F9F174DAD09005A9A4B /* Release */ = {
			isa = XCBuildConfiguration;
			buildSettings = {
				ALWAYS_SEARCH_USER_PATHS = NO;
				CLANG_CXX_LANGUAGE_STANDARD = "gnu++0x";
				CLANG_CXX_LIBRARY = "libc++";
				CLANG_WARN_CONSTANT_CONVERSION = YES;
				CLANG_WARN_EMPTY_BODY = YES;
				CLANG_WARN_ENUM_CONVERSION = YES;
				CLANG_WARN_INT_CONVERSION = YES;
				CLANG_WARN__DUPLICATE_METHOD_MATCH = YES;
				CODE_SIGN_IDENTITY = "iPhone Distribution: Tra Nguyen Thanh (Z22295CJ22)";
				"CODE_SIGN_IDENTITY[sdk=iphoneos*]" = "iPhone Distribution: Tra Nguyen Thanh (Z22295CJ22)";
				COPY_PHASE_STRIP = YES;
				GCC_C_LANGUAGE_STANDARD = gnu99;
				GCC_WARN_ABOUT_RETURN_TYPE = YES;
				GCC_WARN_UNINITIALIZED_AUTOS = YES;
				GCC_WARN_UNUSED_VARIABLE = YES;
				IPHONEOS_DEPLOYMENT_TARGET = 6.1;
				OTHER_CFLAGS = "-DNS_BLOCK_ASSERTIONS=1";
				PROVISIONING_PROFILE = "248FE0B9-D372-44A3-9F1C-1839EE687300";
				"PROVISIONING_PROFILE[sdk=iphoneos*]" = "248FE0B9-D372-44A3-9F1C-1839EE687300";
				SDKROOT = iphoneos;
				TARGETED_DEVICE_FAMILY = "1,2";
				VALIDATE_PRODUCT = YES;
			};
			name = Release;
		};
		17F05FA1174DAD09005A9A4B /* Debug */ = {
			isa = XCBuildConfiguration;
			buildSettings = {
				GCC_PRECOMPILE_PREFIX_HEADER = YES;
				GCC_PREFIX_HEADER = "BeeOthello/BeeOthello-Prefix.pch";
				INFOPLIST_FILE = "BeeOthello/BeeOthello-Info.plist";
				PRODUCT_NAME = "$(TARGET_NAME)";
				WRAPPER_EXTENSION = app;
			};
			name = Debug;
		};
		17F05FA2174DAD09005A9A4B /* Release */ = {
			isa = XCBuildConfiguration;
			buildSettings = {
				GCC_PRECOMPILE_PREFIX_HEADER = YES;
				GCC_PREFIX_HEADER = "BeeOthello/BeeOthello-Prefix.pch";
				INFOPLIST_FILE = "BeeOthello/BeeOthello-Info.plist";
				PRODUCT_NAME = "$(TARGET_NAME)";
				WRAPPER_EXTENSION = app;
			};
			name = Release;
		};
/* End XCBuildConfiguration section */

/* Begin XCConfigurationList section */
		17F05F7E174DAD09005A9A4B /* Build configuration list for PBXProject "BeeOthello" */ = {
			isa = XCConfigurationList;
			buildConfigurations = (
				17F05F9E174DAD09005A9A4B /* Debug */,
				17F05F9F174DAD09005A9A4B /* Release */,
			);
			defaultConfigurationIsVisible = 0;
			defaultConfigurationName = Release;
		};
		17F05FA0174DAD09005A9A4B /* Build configuration list for PBXNativeTarget "BeeOthello" */ = {
			isa = XCConfigurationList;
			buildConfigurations = (
				17F05FA1174DAD09005A9A4B /* Debug */,
				17F05FA2174DAD09005A9A4B /* Release */,
			);
			defaultConfigurationIsVisible = 0;
			defaultConfigurationName = Release;
		};
/* End XCConfigurationList section */
	};
	rootObject = 17F05F7B174DAD09005A9A4B /* Project object */;
}
